
Microsoft Visual Studio Solution File, Format Version 12.00
# Visual Studio 14
VisualStudioVersion = 14.0.25420.1
MinimumVisualStudioVersion = 10.0.40219.1
Project("{2150E333-8FDC-42A3-9474-1A3956D46DE8}") = "src", "src", "{75DE23DE-D974-46E3-B27F-05B3BBBF5799}"
EndProject
Project("{2150E333-8FDC-42A3-9474-1A3956D46DE8}") = "Solution Items", "Solution Items", "{E4A74E9E-833D-44B6-9AC2-473BF0A5FBFF}"
	ProjectSection(SolutionItems) = preProject
		global.json = global.json
	EndProjectSection
EndProject
Project("{8BB2217D-0F2D-49D1-97BC-3654ED321F3B}") = "SportsStore", "src\SportsStore\SportsStore.xproj", "{0019435C-B4EF-41AE-8A6D-E264CA438189}"
EndProject
Project("{2150E333-8FDC-42A3-9474-1A3956D46DE8}") = "test", "test", "{6D55C48B-FE75-478F-B225-1A7BB89A93E7}"
EndProject
Project("{8BB2217D-0F2D-49D1-97BC-3654ED321F3B}") = "SportsStore.Tests", "SportsStore.Tests\SportsStore.Tests.xproj", "{C86D5203-556C-4330-94BD-8FACBF9F5568}"
EndProject
Global
	GlobalSection(SolutionConfigurationPlatforms) = preSolution
		Debug|Any CPU = Debug|Any CPU
		Release|Any CPU = Release|Any CPU
	EndGlobalSection
	GlobalSection(ProjectConfigurationPlatforms) = postSolution
		{0019435C-B4EF-41AE-8A6D-E264CA438189}.Debug|Any CPU.ActiveCfg = Debug|Any CPU
		{0019435C-B4EF-41AE-8A6D-E264CA438189}.Debug|Any CPU.Build.0 = Debug|Any CPU
		{0019435C-B4EF-41AE-8A6D-E264CA438189}.Release|Any CPU.ActiveCfg = Release|Any CPU
		{0019435C-B4EF-41AE-8A6D-E264CA438189}.Release|Any CPU.Build.0 = Release|Any CPU
		{C86D5203-556C-4330-94BD-8FACBF9F5568}.Debug|Any CPU.ActiveCfg = Debug|Any CPU
		{C86D5203-556C-4330-94BD-8FACBF9F5568}.Debug|Any CPU.Build.0 = Debug|Any CPU
		{C86D5203-556C-4330-94BD-8FACBF9F5568}.Release|Any CPU.ActiveCfg = Release|Any CPU
		{C86D5203-556C-4330-94BD-8FACBF9F5568}.Release|Any CPU.Build.0 = Release|Any CPU
	EndGlobalSection
	GlobalSection(SolutionProperties) = preSolution
		HideSolutionNode = FALSE
	EndGlobalSection
	GlobalSection(NestedProjects) = preSolution
		{0019435C-B4EF-41AE-8A6D-E264CA438189} = {75DE23DE-D974-46E3-B27F-05B3BBBF5799}
		{C86D5203-556C-4330-94BD-8FACBF9F5568} = {6D55C48B-FE75-478F-B225-1A7BB89A93E7}
	EndGlobalSection
EndGlobal
